// !$*UTF8*$!
{
	archiveVersion = 1;
	classes = {
	};
	objectVersion = 55;
	objects = {

/* Begin PBXBuildFile section */
		000DD636C9B3E33FDA60F3CC /* Pods_DailyPaperTests.framework in Frameworks */ = {isa = PBXBuildFile; fileRef = 4D70AF0C05D3C42CFF28724C /* Pods_DailyPaperTests.framework */; };
		7ACEA7F127B8895C0023031D /* AppDelegate.m in Sources */ = {isa = PBXBuildFile; fileRef = 7ACEA7F027B8895C0023031D /* AppDelegate.m */; };
		7ACEA7F427B8895C0023031D /* SceneDelegate.m in Sources */ = {isa = PBXBuildFile; fileRef = 7ACEA7F327B8895C0023031D /* SceneDelegate.m */; };
		7ACEA7FA27B8895C0023031D /* Main.storyboard in Resources */ = {isa = PBXBuildFile; fileRef = 7ACEA7F827B8895C0023031D /* Main.storyboard */; };
		7ACEA7FC27B8895D0023031D /* Assets.xcassets in Resources */ = {isa = PBXBuildFile; fileRef = 7ACEA7FB27B8895D0023031D /* Assets.xcassets */; };
		7ACEA7FF27B8895D0023031D /* LaunchScreen.storyboard in Resources */ = {isa = PBXBuildFile; fileRef = 7ACEA7FD27B8895D0023031D /* LaunchScreen.storyboard */; };
		7ACEA80227B8895D0023031D /* main.m in Sources */ = {isa = PBXBuildFile; fileRef = 7ACEA80127B8895D0023031D /* main.m */; };
		7ACEA80C27B8895D0023031D /* DailyPaperTests.m in Sources */ = {isa = PBXBuildFile; fileRef = 7ACEA80B27B8895D0023031D /* DailyPaperTests.m */; };
		7ACEA81627B8895D0023031D /* DailyPaperUITests.m in Sources */ = {isa = PBXBuildFile; fileRef = 7ACEA81527B8895D0023031D /* DailyPaperUITests.m */; };
		7ACEA81827B8895D0023031D /* DailyPaperUITestsLaunchTests.m in Sources */ = {isa = PBXBuildFile; fileRef = 7ACEA81727B8895D0023031D /* DailyPaperUITestsLaunchTests.m */; };
		7ACEA82B27B8899F0023031D /* MainPageTableViewCell.m in Sources */ = {isa = PBXBuildFile; fileRef = 7ACEA82A27B8899F0023031D /* MainPageTableViewCell.m */; };
		7ACEA83227B889E40023031D /* MainPageRequesDatatModel.m in Sources */ = {isa = PBXBuildFile; fileRef = 7ACEA83127B889E40023031D /* MainPageRequesDatatModel.m */; };
		7ACEA83527B88A060023031D /* MainVC.m in Sources */ = {isa = PBXBuildFile; fileRef = 7ACEA83427B88A060023031D /* MainVC.m */; };
		7ACEA83727B88A1C0023031D /* ColorMainPage.xcassets in Resources */ = {isa = PBXBuildFile; fileRef = 7ACEA83627B88A1C0023031D /* ColorMainPage.xcassets */; };
		7ACEA83927B88A240023031D /* PicMainPage.xcassets in Resources */ = {isa = PBXBuildFile; fileRef = 7ACEA83827B88A240023031D /* PicMainPage.xcassets */; };
		7ACEA84027B8E6700023031D /* MainPageStory.m in Sources */ = {isa = PBXBuildFile; fileRef = 7ACEA83F27B8E6700023031D /* MainPageStory.m */; };
		7ACEA84327B8ECAB0023031D /* MainPageTopStory.m in Sources */ = {isa = PBXBuildFile; fileRef = 7ACEA84227B8ECAB0023031D /* MainPageTopStory.m */; };
		7ACEA84627B90D8D0023031D /* MainPageTopScroll.m in Sources */ = {isa = PBXBuildFile; fileRef = 7ACEA84527B90D8D0023031D /* MainPageTopScroll.m */; };
		7D30F3CE9F3B1D115227B078 /* Pods_DailyPaper.framework in Frameworks */ = {isa = PBXBuildFile; fileRef = 20A4525DD8B35540C8733410 /* Pods_DailyPaper.framework */; };
		99792838B9A11B31C55684C2 /* Pods_DailyPaper_DailyPaperUITests.framework in Frameworks */ = {isa = PBXBuildFile; fileRef = 073112DF41AD36ADF278DFC1 /* Pods_DailyPaper_DailyPaperUITests.framework */; };
/* End PBXBuildFile section */

/* Begin PBXContainerItemProxy section */
		7ACEA80827B8895D0023031D /* PBXContainerItemProxy */ = {
			isa = PBXContainerItemProxy;
			containerPortal = 7ACEA7E427B8895C0023031D /* Project object */;
			proxyType = 1;
			remoteGlobalIDString = 7ACEA7EB27B8895C0023031D;
			remoteInfo = DailyPaper;
		};
		7ACEA81227B8895D0023031D /* PBXContainerItemProxy */ = {
			isa = PBXContainerItemProxy;
			containerPortal = 7ACEA7E427B8895C0023031D /* Project object */;
			proxyType = 1;
			remoteGlobalIDString = 7ACEA7EB27B8895C0023031D;
			remoteInfo = DailyPaper;
		};
/* End PBXContainerItemProxy section */

/* Begin PBXFileReference section */
		004DDCC40AB6C6703389A708 /* Pods-DailyPaper.release.xcconfig */ = {isa = PBXFileReference; includeInIndex = 1; lastKnownFileType = text.xcconfig; name = "Pods-DailyPaper.release.xcconfig"; path = "Target Support Files/Pods-DailyPaper/Pods-DailyPaper.release.xcconfig"; sourceTree = "<group>"; };
		073112DF41AD36ADF278DFC1 /* Pods_DailyPaper_DailyPaperUITests.framework */ = {isa = PBXFileReference; explicitFileType = wrapper.framework; includeInIndex = 0; path = Pods_DailyPaper_DailyPaperUITests.framework; sourceTree = BUILT_PRODUCTS_DIR; };
		20A4525DD8B35540C8733410 /* Pods_DailyPaper.framework */ = {isa = PBXFileReference; explicitFileType = wrapper.framework; includeInIndex = 0; path = Pods_DailyPaper.framework; sourceTree = BUILT_PRODUCTS_DIR; };
		4D70AF0C05D3C42CFF28724C /* Pods_DailyPaperTests.framework */ = {isa = PBXFileReference; explicitFileType = wrapper.framework; includeInIndex = 0; path = Pods_DailyPaperTests.framework; sourceTree = BUILT_PRODUCTS_DIR; };
		631EC9FA513B2D7EBA9764DD /* Pods-DailyPaper.debug.xcconfig */ = {isa = PBXFileReference; includeInIndex = 1; lastKnownFileType = text.xcconfig; name = "Pods-DailyPaper.debug.xcconfig"; path = "Target Support Files/Pods-DailyPaper/Pods-DailyPaper.debug.xcconfig"; sourceTree = "<group>"; };
		69C6780CB9659A86ABFCC05E /* Pods-DailyPaper-DailyPaperUITests.release.xcconfig */ = {isa = PBXFileReference; includeInIndex = 1; lastKnownFileType = text.xcconfig; name = "Pods-DailyPaper-DailyPaperUITests.release.xcconfig"; path = "Target Support Files/Pods-DailyPaper-DailyPaperUITests/Pods-DailyPaper-DailyPaperUITests.release.xcconfig"; sourceTree = "<group>"; };
		7ACEA7EC27B8895C0023031D /* DailyPaper.app */ = {isa = PBXFileReference; explicitFileType = wrapper.application; includeInIndex = 0; path = DailyPaper.app; sourceTree = BUILT_PRODUCTS_DIR; };
		7ACEA7EF27B8895C0023031D /* AppDelegate.h */ = {isa = PBXFileReference; lastKnownFileType = sourcecode.c.h; path = AppDelegate.h; sourceTree = "<group>"; };
		7ACEA7F027B8895C0023031D /* AppDelegate.m */ = {isa = PBXFileReference; lastKnownFileType = sourcecode.c.objc; path = AppDelegate.m; sourceTree = "<group>"; };
		7ACEA7F227B8895C0023031D /* SceneDelegate.h */ = {isa = PBXFileReference; lastKnownFileType = sourcecode.c.h; path = SceneDelegate.h; sourceTree = "<group>"; };
		7ACEA7F327B8895C0023031D /* SceneDelegate.m */ = {isa = PBXFileReference; lastKnownFileType = sourcecode.c.objc; path = SceneDelegate.m; sourceTree = "<group>"; };
		7ACEA7F927B8895C0023031D /* Base */ = {isa = PBXFileReference; lastKnownFileType = file.storyboard; name = Base; path = Base.lproj/Main.storyboard; sourceTree = "<group>"; };
		7ACEA7FB27B8895D0023031D /* Assets.xcassets */ = {isa = PBXFileReference; lastKnownFileType = folder.assetcatalog; path = Assets.xcassets; sourceTree = "<group>"; };
		7ACEA7FE27B8895D0023031D /* Base */ = {isa = PBXFileReference; lastKnownFileType = file.storyboard; name = Base; path = Base.lproj/LaunchScreen.storyboard; sourceTree = "<group>"; };
		7ACEA80027B8895D0023031D /* Info.plist */ = {isa = PBXFileReference; lastKnownFileType = text.plist.xml; path = Info.plist; sourceTree = "<group>"; };
		7ACEA80127B8895D0023031D /* main.m */ = {isa = PBXFileReference; lastKnownFileType = sourcecode.c.objc; path = main.m; sourceTree = "<group>"; };
		7ACEA80727B8895D0023031D /* DailyPaperTests.xctest */ = {isa = PBXFileReference; explicitFileType = wrapper.cfbundle; includeInIndex = 0; path = DailyPaperTests.xctest; sourceTree = BUILT_PRODUCTS_DIR; };
		7ACEA80B27B8895D0023031D /* DailyPaperTests.m */ = {isa = PBXFileReference; lastKnownFileType = sourcecode.c.objc; path = DailyPaperTests.m; sourceTree = "<group>"; };
		7ACEA81127B8895D0023031D /* DailyPaperUITests.xctest */ = {isa = PBXFileReference; explicitFileType = wrapper.cfbundle; includeInIndex = 0; path = DailyPaperUITests.xctest; sourceTree = BUILT_PRODUCTS_DIR; };
		7ACEA81527B8895D0023031D /* DailyPaperUITests.m */ = {isa = PBXFileReference; lastKnownFileType = sourcecode.c.objc; path = DailyPaperUITests.m; sourceTree = "<group>"; };
		7ACEA81727B8895D0023031D /* DailyPaperUITestsLaunchTests.m */ = {isa = PBXFileReference; lastKnownFileType = sourcecode.c.objc; path = DailyPaperUITestsLaunchTests.m; sourceTree = "<group>"; };
		7ACEA82927B8899F0023031D /* MainPageTableViewCell.h */ = {isa = PBXFileReference; lastKnownFileType = sourcecode.c.h; path = MainPageTableViewCell.h; sourceTree = "<group>"; };
		7ACEA82A27B8899F0023031D /* MainPageTableViewCell.m */ = {isa = PBXFileReference; lastKnownFileType = sourcecode.c.objc; path = MainPageTableViewCell.m; sourceTree = "<group>"; };
		7ACEA83027B889E40023031D /* MainPageRequesDatatModel.h */ = {isa = PBXFileReference; lastKnownFileType = sourcecode.c.h; path = MainPageRequesDatatModel.h; sourceTree = "<group>"; };
		7ACEA83127B889E40023031D /* MainPageRequesDatatModel.m */ = {isa = PBXFileReference; lastKnownFileType = sourcecode.c.objc; path = MainPageRequesDatatModel.m; sourceTree = "<group>"; };
		7ACEA83327B88A060023031D /* MainVC.h */ = {isa = PBXFileReference; lastKnownFileType = sourcecode.c.h; path = MainVC.h; sourceTree = "<group>"; };
		7ACEA83427B88A060023031D /* MainVC.m */ = {isa = PBXFileReference; lastKnownFileType = sourcecode.c.objc; path = MainVC.m; sourceTree = "<group>"; };
		7ACEA83627B88A1C0023031D /* ColorMainPage.xcassets */ = {isa = PBXFileReference; lastKnownFileType = folder.assetcatalog; path = ColorMainPage.xcassets; sourceTree = "<group>"; };
		7ACEA83827B88A240023031D /* PicMainPage.xcassets */ = {isa = PBXFileReference; lastKnownFileType = folder.assetcatalog; path = PicMainPage.xcassets; sourceTree = "<group>"; };
		7ACEA83E27B8E6700023031D /* MainPageStory.h */ = {isa = PBXFileReference; lastKnownFileType = sourcecode.c.h; path = MainPageStory.h; sourceTree = "<group>"; };
		7ACEA83F27B8E6700023031D /* MainPageStory.m */ = {isa = PBXFileReference; lastKnownFileType = sourcecode.c.objc; path = MainPageStory.m; sourceTree = "<group>"; };
		7ACEA84127B8ECAB0023031D /* MainPageTopStory.h */ = {isa = PBXFileReference; lastKnownFileType = sourcecode.c.h; path = MainPageTopStory.h; sourceTree = "<group>"; };
		7ACEA84227B8ECAB0023031D /* MainPageTopStory.m */ = {isa = PBXFileReference; lastKnownFileType = sourcecode.c.objc; path = MainPageTopStory.m; sourceTree = "<group>"; };
		7ACEA84427B90D8D0023031D /* MainPageTopScroll.h */ = {isa = PBXFileReference; lastKnownFileType = sourcecode.c.h; path = MainPageTopScroll.h; sourceTree = "<group>"; };
		7ACEA84527B90D8D0023031D /* MainPageTopScroll.m */ = {isa = PBXFileReference; lastKnownFileType = sourcecode.c.objc; path = MainPageTopScroll.m; sourceTree = "<group>"; };
		A44A6DF1D33098C03C4553EE /* Pods-DailyPaper-DailyPaperUITests.debug.xcconfig */ = {isa = PBXFileReference; includeInIndex = 1; lastKnownFileType = text.xcconfig; name = "Pods-DailyPaper-DailyPaperUITests.debug.xcconfig"; path = "Target Support Files/Pods-DailyPaper-DailyPaperUITests/Pods-DailyPaper-DailyPaperUITests.debug.xcconfig"; sourceTree = "<group>"; };
		C68A9A600F4FA7CAD862B0A9 /* Pods-DailyPaperTests.release.xcconfig */ = {isa = PBXFileReference; includeInIndex = 1; lastKnownFileType = text.xcconfig; name = "Pods-DailyPaperTests.release.xcconfig"; path = "Target Support Files/Pods-DailyPaperTests/Pods-DailyPaperTests.release.xcconfig"; sourceTree = "<group>"; };
		D2C65EF39A59310183978740 /* Pods-DailyPaperTests.debug.xcconfig */ = {isa = PBXFileReference; includeInIndex = 1; lastKnownFileType = text.xcconfig; name = "Pods-DailyPaperTests.debug.xcconfig"; path = "Target Support Files/Pods-DailyPaperTests/Pods-DailyPaperTests.debug.xcconfig"; sourceTree = "<group>"; };
/* End PBXFileReference section */

/* Begin PBXFrameworksBuildPhase section */
		7ACEA7E927B8895C0023031D /* Frameworks */ = {
			isa = PBXFrameworksBuildPhase;
			buildActionMask = 2147483647;
			files = (
				7D30F3CE9F3B1D115227B078 /* Pods_DailyPaper.framework in Frameworks */,
			);
			runOnlyForDeploymentPostprocessing = 0;
		};
		7ACEA80427B8895D0023031D /* Frameworks */ = {
			isa = PBXFrameworksBuildPhase;
			buildActionMask = 2147483647;
			files = (
				000DD636C9B3E33FDA60F3CC /* Pods_DailyPaperTests.framework in Frameworks */,
			);
			runOnlyForDeploymentPostprocessing = 0;
		};
		7ACEA80E27B8895D0023031D /* Frameworks */ = {
			isa = PBXFrameworksBuildPhase;
			buildActionMask = 2147483647;
			files = (
				99792838B9A11B31C55684C2 /* Pods_DailyPaper_DailyPaperUITests.framework in Frameworks */,
			);
			runOnlyForDeploymentPostprocessing = 0;
		};
/* End PBXFrameworksBuildPhase section */

/* Begin PBXGroup section */
		133A587BEE384E051D8C546D /* Pods */ = {
			isa = PBXGroup;
			children = (
				631EC9FA513B2D7EBA9764DD /* Pods-DailyPaper.debug.xcconfig */,
				004DDCC40AB6C6703389A708 /* Pods-DailyPaper.release.xcconfig */,
				A44A6DF1D33098C03C4553EE /* Pods-DailyPaper-DailyPaperUITests.debug.xcconfig */,
				69C6780CB9659A86ABFCC05E /* Pods-DailyPaper-DailyPaperUITests.release.xcconfig */,
				D2C65EF39A59310183978740 /* Pods-DailyPaperTests.debug.xcconfig */,
				C68A9A600F4FA7CAD862B0A9 /* Pods-DailyPaperTests.release.xcconfig */,
			);
			path = Pods;
			sourceTree = "<group>";
		};
		7ACEA7E327B8895C0023031D = {
			isa = PBXGroup;
			children = (
				7ACEA7EE27B8895C0023031D /* DailyPaper */,
				7ACEA80A27B8895D0023031D /* DailyPaperTests */,
				7ACEA81427B8895D0023031D /* DailyPaperUITests */,
				7ACEA7ED27B8895C0023031D /* Products */,
				133A587BEE384E051D8C546D /* Pods */,
				CBFCF3C67EB83D255EE57BF8 /* Frameworks */,
			);
			sourceTree = "<group>";
		};
		7ACEA7ED27B8895C0023031D /* Products */ = {
			isa = PBXGroup;
			children = (
				7ACEA7EC27B8895C0023031D /* DailyPaper.app */,
				7ACEA80727B8895D0023031D /* DailyPaperTests.xctest */,
				7ACEA81127B8895D0023031D /* DailyPaperUITests.xctest */,
			);
			name = Products;
			sourceTree = "<group>";
		};
		7ACEA7EE27B8895C0023031D /* DailyPaper */ = {
			isa = PBXGroup;
			children = (
				7ACEA7EF27B8895C0023031D /* AppDelegate.h */,
				7ACEA7F027B8895C0023031D /* AppDelegate.m */,
				7ACEA7F227B8895C0023031D /* SceneDelegate.h */,
				7ACEA7F327B8895C0023031D /* SceneDelegate.m */,
				7ACEA82427B889650023031D /* MainPage */,
				7ACEA7F827B8895C0023031D /* Main.storyboard */,
				7ACEA7FB27B8895D0023031D /* Assets.xcassets */,
				7ACEA7FD27B8895D0023031D /* LaunchScreen.storyboard */,
				7ACEA80027B8895D0023031D /* Info.plist */,
				7ACEA80127B8895D0023031D /* main.m */,
			);
			path = DailyPaper;
			sourceTree = "<group>";
		};
		7ACEA80A27B8895D0023031D /* DailyPaperTests */ = {
			isa = PBXGroup;
			children = (
				7ACEA80B27B8895D0023031D /* DailyPaperTests.m */,
			);
			path = DailyPaperTests;
			sourceTree = "<group>";
		};
		7ACEA81427B8895D0023031D /* DailyPaperUITests */ = {
			isa = PBXGroup;
			children = (
				7ACEA81527B8895D0023031D /* DailyPaperUITests.m */,
				7ACEA81727B8895D0023031D /* DailyPaperUITestsLaunchTests.m */,
			);
			path = DailyPaperUITests;
			sourceTree = "<group>";
		};
		7ACEA82427B889650023031D /* MainPage */ = {
			isa = PBXGroup;
			children = (
				7ACEA82827B889840023031D /* Source */,
				7ACEA82727B8897E0023031D /* View */,
				7ACEA82627B889750023031D /* Model */,
				7ACEA82527B8896A0023031D /* Controller */,
			);
			path = MainPage;
			sourceTree = "<group>";
		};
		7ACEA82527B8896A0023031D /* Controller */ = {
			isa = PBXGroup;
			children = (
				7ACEA83327B88A060023031D /* MainVC.h */,
				7ACEA83427B88A060023031D /* MainVC.m */,
			);
			path = Controller;
			sourceTree = "<group>";
		};
		7ACEA82627B889750023031D /* Model */ = {
			isa = PBXGroup;
			children = (
				7ACEA83C27B8E5CF0023031D /* StoryModel */,
				7ACEA83D27B8E5DE0023031D /* TopStoryModel */,
				7ACEA82F27B889D10023031D /* afnetworking */,
			);
			path = Model;
			sourceTree = "<group>";
		};
		7ACEA82727B8897E0023031D /* View */ = {
			isa = PBXGroup;
			children = (
				7ACEA82927B8899F0023031D /* MainPageTableViewCell.h */,
				7ACEA82A27B8899F0023031D /* MainPageTableViewCell.m */,
				7ACEA84427B90D8D0023031D /* MainPageTopScroll.h */,
				7ACEA84527B90D8D0023031D /* MainPageTopScroll.m */,
			);
			path = View;
			sourceTree = "<group>";
		};
		7ACEA82827B889840023031D /* Source */ = {
			isa = PBXGroup;
			children = (
				7ACEA83627B88A1C0023031D /* ColorMainPage.xcassets */,
				7ACEA83827B88A240023031D /* PicMainPage.xcassets */,
			);
			path = Source;
			sourceTree = "<group>";
		};
		7ACEA82F27B889D10023031D /* afnetworking */ = {
			isa = PBXGroup;
			children = (
				7ACEA83027B889E40023031D /* MainPageRequesDatatModel.h */,
				7ACEA83127B889E40023031D /* MainPageRequesDatatModel.m */,
			);
			path = afnetworking;
			sourceTree = "<group>";
		};
		7ACEA83C27B8E5CF0023031D /* StoryModel */ = {
			isa = PBXGroup;
			children = (
				7ACEA83E27B8E6700023031D /* MainPageStory.h */,
				7ACEA83F27B8E6700023031D /* MainPageStory.m */,
			);
			path = StoryModel;
			sourceTree = "<group>";
		};
		7ACEA83D27B8E5DE0023031D /* TopStoryModel */ = {
			isa = PBXGroup;
			children = (
				7ACEA84127B8ECAB0023031D /* MainPageTopStory.h */,
				7ACEA84227B8ECAB0023031D /* MainPageTopStory.m */,
			);
			path = TopStoryModel;
			sourceTree = "<group>";
		};
		CBFCF3C67EB83D255EE57BF8 /* Frameworks */ = {
			isa = PBXGroup;
			children = (
				20A4525DD8B35540C8733410 /* Pods_DailyPaper.framework */,
				073112DF41AD36ADF278DFC1 /* Pods_DailyPaper_DailyPaperUITests.framework */,
				4D70AF0C05D3C42CFF28724C /* Pods_DailyPaperTests.framework */,
			);
			name = Frameworks;
			sourceTree = "<group>";
		};
/* End PBXGroup section */

/* Begin PBXNativeTarget section */
		7ACEA7EB27B8895C0023031D /* DailyPaper */ = {
			isa = PBXNativeTarget;
			buildConfigurationList = 7ACEA81B27B8895D0023031D /* Build configuration list for PBXNativeTarget "DailyPaper" */;
			buildPhases = (
				E45911C8ED3057877AD63324 /* [CP] Check Pods Manifest.lock */,
				7ACEA7E827B8895C0023031D /* Sources */,
				7ACEA7E927B8895C0023031D /* Frameworks */,
				7ACEA7EA27B8895C0023031D /* Resources */,
				EBF7B35A51970F2A69BD3CAB /* [CP] Embed Pods Frameworks */,
			);
			buildRules = (
			);
			dependencies = (
			);
			name = DailyPaper;
			productName = DailyPaper;
			productReference = 7ACEA7EC27B8895C0023031D /* DailyPaper.app */;
			productType = "com.apple.product-type.application";
		};
		7ACEA80627B8895D0023031D /* DailyPaperTests */ = {
			isa = PBXNativeTarget;
			buildConfigurationList = 7ACEA81E27B8895D0023031D /* Build configuration list for PBXNativeTarget "DailyPaperTests" */;
			buildPhases = (
				A3DE920C6D048743C78B379E /* [CP] Check Pods Manifest.lock */,
				7ACEA80327B8895D0023031D /* Sources */,
				7ACEA80427B8895D0023031D /* Frameworks */,
				7ACEA80527B8895D0023031D /* Resources */,
			);
			buildRules = (
			);
			dependencies = (
				7ACEA80927B8895D0023031D /* PBXTargetDependency */,
			);
			name = DailyPaperTests;
			productName = DailyPaperTests;
			productReference = 7ACEA80727B8895D0023031D /* DailyPaperTests.xctest */;
			productType = "com.apple.product-type.bundle.unit-test";
		};
		7ACEA81027B8895D0023031D /* DailyPaperUITests */ = {
			isa = PBXNativeTarget;
			buildConfigurationList = 7ACEA82127B8895D0023031D /* Build configuration list for PBXNativeTarget "DailyPaperUITests" */;
			buildPhases = (
				1A772DD9C290B8A229BBDC48 /* [CP] Check Pods Manifest.lock */,
				7ACEA80D27B8895D0023031D /* Sources */,
				7ACEA80E27B8895D0023031D /* Frameworks */,
				7ACEA80F27B8895D0023031D /* Resources */,
				0DAF7FB7F8EDACADCA3ECA4B /* [CP] Embed Pods Frameworks */,
			);
			buildRules = (
			);
			dependencies = (
				7ACEA81327B8895D0023031D /* PBXTargetDependency */,
			);
			name = DailyPaperUITests;
			productName = DailyPaperUITests;
			productReference = 7ACEA81127B8895D0023031D /* DailyPaperUITests.xctest */;
			productType = "com.apple.product-type.bundle.ui-testing";
		};
/* End PBXNativeTarget section */

/* Begin PBXProject section */
		7ACEA7E427B8895C0023031D /* Project object */ = {
			isa = PBXProject;
			attributes = {
				BuildIndependentTargetsInParallel = 1;
				LastUpgradeCheck = 1320;
				TargetAttributes = {
					7ACEA7EB27B8895C0023031D = {
						CreatedOnToolsVersion = 13.2.1;
					};
					7ACEA80627B8895D0023031D = {
						CreatedOnToolsVersion = 13.2.1;
						TestTargetID = 7ACEA7EB27B8895C0023031D;
					};
					7ACEA81027B8895D0023031D = {
						CreatedOnToolsVersion = 13.2.1;
						TestTargetID = 7ACEA7EB27B8895C0023031D;
					};
				};
			};
			buildConfigurationList = 7ACEA7E727B8895C0023031D /* Build configuration list for PBXProject "DailyPaper" */;
			compatibilityVersion = "Xcode 13.0";
			developmentRegion = en;
			hasScannedForEncodings = 0;
			knownRegions = (
				en,
				Base,
			);
			mainGroup = 7ACEA7E327B8895C0023031D;
			productRefGroup = 7ACEA7ED27B8895C0023031D /* Products */;
			projectDirPath = "";
			projectRoot = "";
			targets = (
				7ACEA7EB27B8895C0023031D /* DailyPaper */,
				7ACEA80627B8895D0023031D /* DailyPaperTests */,
				7ACEA81027B8895D0023031D /* DailyPaperUITests */,
			);
		};
/* End PBXProject section */

/* Begin PBXResourcesBuildPhase section */
		7ACEA7EA27B8895C0023031D /* Resources */ = {
			isa = PBXResourcesBuildPhase;
			buildActionMask = 2147483647;
			files = (
				7ACEA7FF27B8895D0023031D /* LaunchScreen.storyboard in Resources */,
				7ACEA7FC27B8895D0023031D /* Assets.xcassets in Resources */,
				7ACEA7FA27B8895C0023031D /* Main.storyboard in Resources */,
				7ACEA83727B88A1C0023031D /* ColorMainPage.xcassets in Resources */,
				7ACEA83927B88A240023031D /* PicMainPage.xcassets in Resources */,
			);
			runOnlyForDeploymentPostprocessing = 0;
		};
		7ACEA80527B8895D0023031D /* Resources */ = {
			isa = PBXResourcesBuildPhase;
			buildActionMask = 2147483647;
			files = (
			);
			runOnlyForDeploymentPostprocessing = 0;
		};
		7ACEA80F27B8895D0023031D /* Resources */ = {
			isa = PBXResourcesBuildPhase;
			buildActionMask = 2147483647;
			files = (
			);
			runOnlyForDeploymentPostprocessing = 0;
		};
/* End PBXResourcesBuildPhase section */

/* Begin PBXShellScriptBuildPhase section */
		0DAF7FB7F8EDACADCA3ECA4B /* [CP] Embed Pods Frameworks */ = {
			isa = PBXShellScriptBuildPhase;
			buildActionMask = 2147483647;
			files = (
			);
			inputFileListPaths = (
				"${PODS_ROOT}/Target Support Files/Pods-DailyPaper-DailyPaperUITests/Pods-DailyPaper-DailyPaperUITests-frameworks-${CONFIGURATION}-input-files.xcfilelist",
			);
			name = "[CP] Embed Pods Frameworks";
			outputFileListPaths = (
				"${PODS_ROOT}/Target Support Files/Pods-DailyPaper-DailyPaperUITests/Pods-DailyPaper-DailyPaperUITests-frameworks-${CONFIGURATION}-output-files.xcfilelist",
			);
			runOnlyForDeploymentPostprocessing = 0;
			shellPath = /bin/sh;
			shellScript = "\"${PODS_ROOT}/Target Support Files/Pods-DailyPaper-DailyPaperUITests/Pods-DailyPaper-DailyPaperUITests-frameworks.sh\"\n";
			showEnvVarsInLog = 0;
		};
		1A772DD9C290B8A229BBDC48 /* [CP] Check Pods Manifest.lock */ = {
			isa = PBXShellScriptBuildPhase;
			buildActionMask = 2147483647;
			files = (
			);
			inputFileListPaths = (
			);
			inputPaths = (
				"${PODS_PODFILE_DIR_PATH}/Podfile.lock",
				"${PODS_ROOT}/Manifest.lock",
			);
			name = "[CP] Check Pods Manifest.lock";
			outputFileListPaths = (
			);
			outputPaths = (
				"$(DERIVED_FILE_DIR)/Pods-DailyPaper-DailyPaperUITests-checkManifestLockResult.txt",
			);
			runOnlyForDeploymentPostprocessing = 0;
			shellPath = /bin/sh;
			shellScript = "diff \"${PODS_PODFILE_DIR_PATH}/Podfile.lock\" \"${PODS_ROOT}/Manifest.lock\" > /dev/null\nif [ $? != 0 ] ; then\n    # print error to STDERR\n    echo \"error: The sandbox is not in sync with the Podfile.lock. Run 'pod install' or update your CocoaPods installation.\" >&2\n    exit 1\nfi\n# This output is used by Xcode 'outputs' to avoid re-running this script phase.\necho \"SUCCESS\" > \"${SCRIPT_OUTPUT_FILE_0}\"\n";
			showEnvVarsInLog = 0;
		};
		A3DE920C6D048743C78B379E /* [CP] Check Pods Manifest.lock */ = {
			isa = PBXShellScriptBuildPhase;
			buildActionMask = 2147483647;
			files = (
			);
			inputFileListPaths = (
			);
			inputPaths = (
				"${PODS_PODFILE_DIR_PATH}/Podfile.lock",
				"${PODS_ROOT}/Manifest.lock",
			);
			name = "[CP] Check Pods Manifest.lock";
			outputFileListPaths = (
			);
			outputPaths = (
				"$(DERIVED_FILE_DIR)/Pods-DailyPaperTests-checkManifestLockResult.txt",
			);
			runOnlyForDeploymentPostprocessing = 0;
			shellPath = /bin/sh;
			shellScript = "diff \"${PODS_PODFILE_DIR_PATH}/Podfile.lock\" \"${PODS_ROOT}/Manifest.lock\" > /dev/null\nif [ $? != 0 ] ; then\n    # print error to STDERR\n    echo \"error: The sandbox is not in sync with the Podfile.lock. Run 'pod install' or update your CocoaPods installation.\" >&2\n    exit 1\nfi\n# This output is used by Xcode 'outputs' to avoid re-running this script phase.\necho \"SUCCESS\" > \"${SCRIPT_OUTPUT_FILE_0}\"\n";
			showEnvVarsInLog = 0;
		};
		E45911C8ED3057877AD63324 /* [CP] Check Pods Manifest.lock */ = {
			isa = PBXShellScriptBuildPhase;
			buildActionMask = 2147483647;
			files = (
			);
			inputFileListPaths = (
			);
			inputPaths = (
				"${PODS_PODFILE_DIR_PATH}/Podfile.lock",
				"${PODS_ROOT}/Manifest.lock",
			);
			name = "[CP] Check Pods Manifest.lock";
			outputFileListPaths = (
			);
			outputPaths = (
				"$(DERIVED_FILE_DIR)/Pods-DailyPaper-checkManifestLockResult.txt",
			);
			runOnlyForDeploymentPostprocessing = 0;
			shellPath = /bin/sh;
			shellScript = "diff \"${PODS_PODFILE_DIR_PATH}/Podfile.lock\" \"${PODS_ROOT}/Manifest.lock\" > /dev/null\nif [ $? != 0 ] ; then\n    # print error to STDERR\n    echo \"error: The sandbox is not in sync with the Podfile.lock. Run 'pod install' or update your CocoaPods installation.\" >&2\n    exit 1\nfi\n# This output is used by Xcode 'outputs' to avoid re-running this script phase.\necho \"SUCCESS\" > \"${SCRIPT_OUTPUT_FILE_0}\"\n";
			showEnvVarsInLog = 0;
		};
		EBF7B35A51970F2A69BD3CAB /* [CP] Embed Pods Frameworks */ = {
			isa = PBXShellScriptBuildPhase;
			buildActionMask = 2147483647;
			files = (
			);
			inputFileListPaths = (
				"${PODS_ROOT}/Target Support Files/Pods-DailyPaper/Pods-DailyPaper-frameworks-${CONFIGURATION}-input-files.xcfilelist",
			);
			name = "[CP] Embed Pods Frameworks";
			outputFileListPaths = (
				"${PODS_ROOT}/Target Support Files/Pods-DailyPaper/Pods-DailyPaper-frameworks-${CONFIGURATION}-output-files.xcfilelist",
			);
			runOnlyForDeploymentPostprocessing = 0;
			shellPath = /bin/sh;
			shellScript = "\"${PODS_ROOT}/Target Support Files/Pods-DailyPaper/Pods-DailyPaper-frameworks.sh\"\n";
			showEnvVarsInLog = 0;
		};
/* End PBXShellScriptBuildPhase section */

/* Begin PBXSourcesBuildPhase section */
		7ACEA7E827B8895C0023031D /* Sources */ = {
			isa = PBXSourcesBuildPhase;
			buildActionMask = 2147483647;
			files = (
				7ACEA83527B88A060023031D /* MainVC.m in Sources */,
				7ACEA84327B8ECAB0023031D /* MainPageTopStory.m in Sources */,
				7ACEA82B27B8899F0023031D /* MainPageTableViewCell.m in Sources */,
				7ACEA7F127B8895C0023031D /* AppDelegate.m in Sources */,
				7ACEA84627B90D8D0023031D /* MainPageTopScroll.m in Sources */,
				7ACEA83227B889E40023031D /* MainPageRequesDatatModel.m in Sources */,
				7ACEA80227B8895D0023031D /* main.m in Sources */,
				7ACEA84027B8E6700023031D /* MainPageStory.m in Sources */,
				7ACEA7F427B8895C0023031D /* SceneDelegate.m in Sources */,
			);
			runOnlyForDeploymentPostprocessing = 0;
		};
		7ACEA80327B8895D0023031D /* Sources */ = {
			isa = PBXSourcesBuildPhase;
			buildActionMask = 2147483647;
			files = (
				7ACEA80C27B8895D0023031D /* DailyPaperTests.m in Sources */,
			);
			runOnlyForDeploymentPostprocessing = 0;
		};
		7ACEA80D27B8895D0023031D /* Sources */ = {
			isa = PBXSourcesBuildPhase;
			buildActionMask = 2147483647;
			files = (
				7ACEA81627B8895D0023031D /* DailyPaperUITests.m in Sources */,
				7ACEA81827B8895D0023031D /* DailyPaperUITestsLaunchTests.m in Sources */,
			);
			runOnlyForDeploymentPostprocessing = 0;
		};
/* End PBXSourcesBuildPhase section */

/* Begin PBXTargetDependency section */
		7ACEA80927B8895D0023031D /* PBXTargetDependency */ = {
			isa = PBXTargetDependency;
			target = 7ACEA7EB27B8895C0023031D /* DailyPaper */;
			targetProxy = 7ACEA80827B8895D0023031D /* PBXContainerItemProxy */;
		};
		7ACEA81327B8895D0023031D /* PBXTargetDependency */ = {
			isa = PBXTargetDependency;
			target = 7ACEA7EB27B8895C0023031D /* DailyPaper */;
			targetProxy = 7ACEA81227B8895D0023031D /* PBXContainerItemProxy */;
		};
/* End PBXTargetDependency section */

/* Begin PBXVariantGroup section */
		7ACEA7F827B8895C0023031D /* Main.storyboard */ = {
			isa = PBXVariantGroup;
			children = (
				7ACEA7F927B8895C0023031D /* Base */,
			);
			name = Main.storyboard;
			sourceTree = "<group>";
		};
		7ACEA7FD27B8895D0023031D /* LaunchScreen.storyboard */ = {
			isa = PBXVariantGroup;
			children = (
				7ACEA7FE27B8895D0023031D /* Base */,
			);
			name = LaunchScreen.storyboard;
			sourceTree = "<group>";
		};
/* End PBXVariantGroup section */

/* Begin XCBuildConfiguration section */
		7ACEA81927B8895D0023031D /* Debug */ = {
			isa = XCBuildConfiguration;
			buildSettings = {
				ALWAYS_SEARCH_USER_PATHS = NO;
				CLANG_ANALYZER_NONNULL = YES;
				CLANG_ANALYZER_NUMBER_OBJECT_CONVERSION = YES_AGGRESSIVE;
				CLANG_CXX_LANGUAGE_STANDARD = "gnu++17";
				CLANG_CXX_LIBRARY = "libc++";
				CLANG_ENABLE_MODULES = YES;
				CLANG_ENABLE_OBJC_ARC = YES;
				CLANG_ENABLE_OBJC_WEAK = YES;
				CLANG_WARN_BLOCK_CAPTURE_AUTORELEASING = YES;
				CLANG_WARN_BOOL_CONVERSION = YES;
				CLANG_WARN_COMMA = YES;
				CLANG_WARN_CONSTANT_CONVERSION = YES;
				CLANG_WARN_DEPRECATED_OBJC_IMPLEMENTATIONS = YES;
				CLANG_WARN_DIRECT_OBJC_ISA_USAGE = YES_ERROR;
				CLANG_WARN_DOCUMENTATION_COMMENTS = YES;
				CLANG_WARN_EMPTY_BODY = YES;
				CLANG_WARN_ENUM_CONVERSION = YES;
				CLANG_WARN_INFINITE_RECURSION = YES;
				CLANG_WARN_INT_CONVERSION = YES;
				CLANG_WARN_NON_LITERAL_NULL_CONVERSION = YES;
				CLANG_WARN_OBJC_IMPLICIT_RETAIN_SELF = YES;
				CLANG_WARN_OBJC_LITERAL_CONVERSION = YES;
				CLANG_WARN_OBJC_ROOT_CLASS = YES_ERROR;
				CLANG_WARN_QUOTED_INCLUDE_IN_FRAMEWORK_HEADER = YES;
				CLANG_WARN_RANGE_LOOP_ANALYSIS = YES;
				CLANG_WARN_STRICT_PROTOTYPES = YES;
				CLANG_WARN_SUSPICIOUS_MOVE = YES;
				CLANG_WARN_UNGUARDED_AVAILABILITY = YES_AGGRESSIVE;
				CLANG_WARN_UNREACHABLE_CODE = YES;
				CLANG_WARN__DUPLICATE_METHOD_MATCH = YES;
				COPY_PHASE_STRIP = NO;
				DEBUG_INFORMATION_FORMAT = dwarf;
				ENABLE_STRICT_OBJC_MSGSEND = YES;
				ENABLE_TESTABILITY = YES;
				GCC_C_LANGUAGE_STANDARD = gnu11;
				GCC_DYNAMIC_NO_PIC = NO;
				GCC_NO_COMMON_BLOCKS = YES;
				GCC_OPTIMIZATION_LEVEL = 0;
				GCC_PREPROCESSOR_DEFINITIONS = (
					"DEBUG=1",
					"$(inherited)",
				);
				GCC_WARN_64_TO_32_BIT_CONVERSION = YES;
				GCC_WARN_ABOUT_RETURN_TYPE = YES_ERROR;
				GCC_WARN_UNDECLARED_SELECTOR = YES;
				GCC_WARN_UNINITIALIZED_AUTOS = YES_AGGRESSIVE;
				GCC_WARN_UNUSED_FUNCTION = YES;
				GCC_WARN_UNUSED_VARIABLE = YES;
				IPHONEOS_DEPLOYMENT_TARGET = 15.2;
				MTL_ENABLE_DEBUG_INFO = INCLUDE_SOURCE;
				MTL_FAST_MATH = YES;
				ONLY_ACTIVE_ARCH = YES;
				SDKROOT = iphoneos;
			};
			name = Debug;
		};
		7ACEA81A27B8895D0023031D /* Release */ = {
			isa = XCBuildConfiguration;
			buildSettings = {
				ALWAYS_SEARCH_USER_PATHS = NO;
				CLANG_ANALYZER_NONNULL = YES;
				CLANG_ANALYZER_NUMBER_OBJECT_CONVERSION = YES_AGGRESSIVE;
				CLANG_CXX_LANGUAGE_STANDARD = "gnu++17";
				CLANG_CXX_LIBRARY = "libc++";
				CLANG_ENABLE_MODULES = YES;
				CLANG_ENABLE_OBJC_ARC = YES;
				CLANG_ENABLE_OBJC_WEAK = YES;
				CLANG_WARN_BLOCK_CAPTURE_AUTORELEASING = YES;
				CLANG_WARN_BOOL_CONVERSION = YES;
				CLANG_WARN_COMMA = YES;
				CLANG_WARN_CONSTANT_CONVERSION = YES;
				CLANG_WARN_DEPRECATED_OBJC_IMPLEMENTATIONS = YES;
				CLANG_WARN_DIRECT_OBJC_ISA_USAGE = YES_ERROR;
				CLANG_WARN_DOCUMENTATION_COMMENTS = YES;
				CLANG_WARN_EMPTY_BODY = YES;
				CLANG_WARN_ENUM_CONVERSION = YES;
				CLANG_WARN_INFINITE_RECURSION = YES;
				CLANG_WARN_INT_CONVERSION = YES;
				CLANG_WARN_NON_LITERAL_NULL_CONVERSION = YES;
				CLANG_WARN_OBJC_IMPLICIT_RETAIN_SELF = YES;
				CLANG_WARN_OBJC_LITERAL_CONVERSION = YES;
				CLANG_WARN_OBJC_ROOT_CLASS = YES_ERROR;
				CLANG_WARN_QUOTED_INCLUDE_IN_FRAMEWORK_HEADER = YES;
				CLANG_WARN_RANGE_LOOP_ANALYSIS = YES;
				CLANG_WARN_STRICT_PROTOTYPES = YES;
				CLANG_WARN_SUSPICIOUS_MOVE = YES;
				CLANG_WARN_UNGUARDED_AVAILABILITY = YES_AGGRESSIVE;
				CLANG_WARN_UNREACHABLE_CODE = YES;
				CLANG_WARN__DUPLICATE_METHOD_MATCH = YES;
				COPY_PHASE_STRIP = NO;
				DEBUG_INFORMATION_FORMAT = "dwarf-with-dsym";
				ENABLE_NS_ASSERTIONS = NO;
				ENABLE_STRICT_OBJC_MSGSEND = YES;
				GCC_C_LANGUAGE_STANDARD = gnu11;
				GCC_NO_COMMON_BLOCKS = YES;
				GCC_WARN_64_TO_32_BIT_CONVERSION = YES;
				GCC_WARN_ABOUT_RETURN_TYPE = YES_ERROR;
				GCC_WARN_UNDECLARED_SELECTOR = YES;
				GCC_WARN_UNINITIALIZED_AUTOS = YES_AGGRESSIVE;
				GCC_WARN_UNUSED_FUNCTION = YES;
				GCC_WARN_UNUSED_VARIABLE = YES;
				IPHONEOS_DEPLOYMENT_TARGET = 15.2;
				MTL_ENABLE_DEBUG_INFO = NO;
				MTL_FAST_MATH = YES;
				SDKROOT = iphoneos;
				VALIDATE_PRODUCT = YES;
			};
			name = Release;
		};
		7ACEA81C27B8895D0023031D /* Debug */ = {
			isa = XCBuildConfiguration;
			baseConfigurationReference = 631EC9FA513B2D7EBA9764DD /* Pods-DailyPaper.debug.xcconfig */;
			buildSettings = {
				ASSETCATALOG_COMPILER_APPICON_NAME = AppIcon;
				ASSETCATALOG_COMPILER_GLOBAL_ACCENT_COLOR_NAME = AccentColor;
				CODE_SIGN_STYLE = Automatic;
				CURRENT_PROJECT_VERSION = 1;
				DEVELOPMENT_TEAM = 67QNT8WT7R;
				GENERATE_INFOPLIST_FILE = YES;
				INFOPLIST_FILE = DailyPaper/Info.plist;
				INFOPLIST_KEY_UIApplicationSupportsIndirectInputEvents = YES;
				INFOPLIST_KEY_UILaunchStoryboardName = LaunchScreen;
				INFOPLIST_KEY_UIMainStoryboardFile = Main;
				INFOPLIST_KEY_UISupportedInterfaceOrientations_iPad = "UIInterfaceOrientationPortrait UIInterfaceOrientationPortraitUpsideDown UIInterfaceOrientationLandscapeLeft UIInterfaceOrientationLandscapeRight";
				INFOPLIST_KEY_UISupportedInterfaceOrientations_iPhone = "UIInterfaceOrientationPortrait UIInterfaceOrientationLandscapeLeft UIInterfaceOrientationLandscapeRight";
				LD_RUNPATH_SEARCH_PATHS = (
					"$(inherited)",
					"@executable_path/Frameworks",
				);
				MARKETING_VERSION = 1.0;
				PRODUCT_BUNDLE_IDENTIFIER = team.redrock.DailyPaper;
				PRODUCT_NAME = "$(TARGET_NAME)";
				SWIFT_EMIT_LOC_STRINGS = YES;
				TARGETED_DEVICE_FAMILY = "1,2";
			};
			name = Debug;
		};
		7ACEA81D27B8895D0023031D /* Release */ = {
			isa = XCBuildConfiguration;
			baseConfigurationReference = 004DDCC40AB6C6703389A708 /* Pods-DailyPaper.release.xcconfig */;
			buildSettings = {
				ASSETCATALOG_COMPILER_APPICON_NAME = AppIcon;
				ASSETCATALOG_COMPILER_GLOBAL_ACCENT_COLOR_NAME = AccentColor;
				CODE_SIGN_STYLE = Automatic;
				CURRENT_PROJECT_VERSION = 1;
				DEVELOPMENT_TEAM = 67QNT8WT7R;
				GENERATE_INFOPLIST_FILE = YES;
				INFOPLIST_FILE = DailyPaper/Info.plist;
				INFOPLIST_KEY_UIApplicationSupportsIndirectInputEvents = YES;
				INFOPLIST_KEY_UILaunchStoryboardName = LaunchScreen;
				INFOPLIST_KEY_UIMainStoryboardFile = Main;
				INFOPLIST_KEY_UISupportedInterfaceOrientations_iPad = "UIInterfaceOrientationPortrait UIInterfaceOrientationPortraitUpsideDown UIInterfaceOrientationLandscapeLeft UIInterfaceOrientationLandscapeRight";
				INFOPLIST_KEY_UISupportedInterfaceOrientations_iPhone = "UIInterfaceOrientationPortrait UIInterfaceOrientationLandscapeLeft UIInterfaceOrientationLandscapeRight";
				LD_RUNPATH_SEARCH_PATHS = (
					"$(inherited)",
					"@executable_path/Frameworks",
				);
				MARKETING_VERSION = 1.0;
				PRODUCT_BUNDLE_IDENTIFIER = team.redrock.DailyPaper;
				PRODUCT_NAME = "$(TARGET_NAME)";
				SWIFT_EMIT_LOC_STRINGS = YES;
				TARGETED_DEVICE_FAMILY = "1,2";
			};
			name = Release;
		};
		7ACEA81F27B8895D0023031D /* Debug */ = {
			isa = XCBuildConfiguration;
			baseConfigurationReference = D2C65EF39A59310183978740 /* Pods-DailyPaperTests.debug.xcconfig */;
			buildSettings = {
				BUNDLE_LOADER = "$(TEST_HOST)";
				CODE_SIGN_STYLE = Automatic;
				CURRENT_PROJECT_VERSION = 1;
				DEVELOPMENT_TEAM = 67QNT8WT7R;
				GENERATE_INFOPLIST_FILE = YES;
				IPHONEOS_DEPLOYMENT_TARGET = 15.2;
				MARKETING_VERSION = 1.0;
				PRODUCT_BUNDLE_IDENTIFIER = team.redrock.DailyPaperTests;
				PRODUCT_NAME = "$(TARGET_NAME)";
				SWIFT_EMIT_LOC_STRINGS = NO;
				TARGETED_DEVICE_FAMILY = "1,2";
				TEST_HOST = "$(BUILT_PRODUCTS_DIR)/DailyPaper.app/DailyPaper";
			};
			name = Debug;
		};
		7ACEA82027B8895D0023031D /* Release */ = {
			isa = XCBuildConfiguration;
			baseConfigurationReference = C68A9A600F4FA7CAD862B0A9 /* Pods-DailyPaperTests.release.xcconfig */;
			buildSettings = {
				BUNDLE_LOADER = "$(TEST_HOST)";
				CODE_SIGN_STYLE = Automatic;
				CURRENT_PROJECT_VERSION = 1;
				DEVELOPMENT_TEAM = 67QNT8WT7R;
				GENERATE_INFOPLIST_FILE = YES;
				IPHONEOS_DEPLOYMENT_TARGET = 15.2;
				MARKETING_VERSION = 1.0;
				PRODUCT_BUNDLE_IDENTIFIER = team.redrock.DailyPaperTests;
				PRODUCT_NAME = "$(TARGET_NAME)";
				SWIFT_EMIT_LOC_STRINGS = NO;
				TARGETED_DEVICE_FAMILY = "1,2";
				TEST_HOST = "$(BUILT_PRODUCTS_DIR)/DailyPaper.app/DailyPaper";
			};
			name = Release;
		};
		7ACEA82227B8895D0023031D /* Debug */ = {
			isa = XCBuildConfiguration;
			baseConfigurationReference = A44A6DF1D33098C03C4553EE /* Pods-DailyPaper-DailyPaperUITests.debug.xcconfig */;
			buildSettings = {
				CODE_SIGN_STYLE = Automatic;
				CURRENT_PROJECT_VERSION = 1;
				DEVELOPMENT_TEAM = 67QNT8WT7R;
				GENERATE_INFOPLIST_FILE = YES;
				MARKETING_VERSION = 1.0;
				PRODUCT_BUNDLE_IDENTIFIER = team.redrock.DailyPaperUITests;
				PRODUCT_NAME = "$(TARGET_NAME)";
				SWIFT_EMIT_LOC_STRINGS = NO;
				TARGETED_DEVICE_FAMILY = "1,2";
				TEST_TARGET_NAME = DailyPaper;
			};
			name = Debug;
		};
		7ACEA82327B8895D0023031D /* Release */ = {
			isa = XCBuildConfiguration;
			baseConfigurationReference = 69C6780CB9659A86ABFCC05E /* Pods-DailyPaper-DailyPaperUITests.release.xcconfig */;
			buildSettings = {
				CODE_SIGN_STYLE = Automatic;
				CURRENT_PROJECT_VERSION = 1;
				DEVELOPMENT_TEAM = 67QNT8WT7R;
				GENERATE_INFOPLIST_FILE = YES;
				MARKETING_VERSION = 1.0;
				PRODUCT_BUNDLE_IDENTIFIER = team.redrock.DailyPaperUITests;
				PRODUCT_NAME = "$(TARGET_NAME)";
				SWIFT_EMIT_LOC_STRINGS = NO;
				TARGETED_DEVICE_FAMILY = "1,2";
				TEST_TARGET_NAME = DailyPaper;
			};
			name = Release;
		};
/* End XCBuildConfiguration section */

/* Begin XCConfigurationList section */
		7ACEA7E727B8895C0023031D /* Build configuration list for PBXProject "DailyPaper" */ = {
			isa = XCConfigurationList;
			buildConfigurations = (
				7ACEA81927B8895D0023031D /* Debug */,
				7ACEA81A27B8895D0023031D /* Release */,
			);
			defaultConfigurationIsVisible = 0;
			defaultConfigurationName = Release;
		};
		7ACEA81B27B8895D0023031D /* Build configuration list for PBXNativeTarget "DailyPaper" */ = {
			isa = XCConfigurationList;
			buildConfigurations = (
				7ACEA81C27B8895D0023031D /* Debug */,
				7ACEA81D27B8895D0023031D /* Release */,
			);
			defaultConfigurationIsVisible = 0;
			defaultConfigurationName = Release;
		};
		7ACEA81E27B8895D0023031D /* Build configuration list for PBXNativeTarget "DailyPaperTests" */ = {
			isa = XCConfigurationList;
			buildConfigurations = (
				7ACEA81F27B8895D0023031D /* Debug */,
				7ACEA82027B8895D0023031D /* Release */,
			);
			defaultConfigurationIsVisible = 0;
			defaultConfigurationName = Release;
		};
		7ACEA82127B8895D0023031D /* Build configuration list for PBXNativeTarget "DailyPaperUITests" */ = {
			isa = XCConfigurationList;
			buildConfigurations = (
				7ACEA82227B8895D0023031D /* Debug */,
				7ACEA82327B8895D0023031D /* Release */,
			);
			defaultConfigurationIsVisible = 0;
			defaultConfigurationName = Release;
		};
/* End XCConfigurationList section */
	};
	rootObject = 7ACEA7E427B8895C0023031D /* Project object */;
}
